# This file is automatically @generated by Poetry 1.8.3 and should not be changed by hand.

[[package]]
name = "dearpygui"
version = "1.11.1"
description = "DearPyGui: A simple Python GUI Toolkit"
optional = false
python-versions = ">=3.7"
files = [
    {file = "dearpygui-1.11.1-cp310-cp310-macosx_10_6_x86_64.whl", hash = "sha256:b668f28aab63d8ad0b2768add4e689bedb7480e8c3390edcce7a0f5d296fd61f"},
    {file = "dearpygui-1.11.1-cp310-cp310-macosx_13_0_arm64.whl", hash = "sha256:39d099b1ca97fd7d36934a5187fc4cd868d4772e504290a70fc95eda03c5125d"},
    {file = "dearpygui-1.11.1-cp310-cp310-manylinux1_x86_64.whl", hash = "sha256:3ba12334d993b653df2d07fe34c93c4ec65e54c022066ba245cd596a18b43a68"},
    {file = "dearpygui-1.11.1-cp310-cp310-win_amd64.whl", hash = "sha256:6cf4c44db1f016ff3eab367f7bde7f169bad5f2f90b974c202808112a69a2b15"},
    {file = "dearpygui-1.11.1-cp311-cp311-macosx_10_6_x86_64.whl", hash = "sha256:cc15cd13c1aeae2847ed9c4b2201169add3efdedf564eb706f5b5896ddaa5d8a"},
    {file = "dearpygui-1.11.1-cp311-cp311-macosx_13_0_arm64.whl", hash = "sha256:9eb7d581863d39543b213252041ed25856acbfa58c57291e6acb6ccbf0c2727b"},
    {file = "dearpygui-1.11.1-cp311-cp311-manylinux1_x86_64.whl", hash = "sha256:564ff3af657f7becd059b6611e162cc9cd8148befaf8aadb10e4fb76d57df3ef"},
    {file = "dearpygui-1.11.1-cp311-cp311-win_amd64.whl", hash = "sha256:ac6e9bde61dcb3cc253da59e70fe2b743d3c3b5791d415eaa8d307f4517048ca"},
    {file = "dearpygui-1.11.1-cp312-cp312-macosx_10_6_x86_64.whl", hash = "sha256:ccf576117ed2159cd66b419458d060923c9dcebe7fe57c65b4f4c4889287845d"},
    {file = "dearpygui-1.11.1-cp312-cp312-macosx_13_0_arm64.whl", hash = "sha256:1d632e1acdaa986a8c32b57112b84685b92d9a41f18580e14d463d7ed7a52673"},
    {file = "dearpygui-1.11.1-cp312-cp312-manylinux1_x86_64.whl", hash = "sha256:ca4f7ba667f64ee682dfcb3399d9d43df6821b2d962b96b4fa4535de5776f538"},
    {file = "dearpygui-1.11.1-cp312-cp312-win_amd64.whl", hash = "sha256:8ce9881a629de72e05ca8b1ce7cefcdd77b624eb7eba6f7d6629848d84a797f6"},
    {file = "dearpygui-1.11.1-cp38-cp38-macosx_10_6_x86_64.whl", hash = "sha256:39011ccb3a3ecfe3ebccfd8c4211c2c1446abd2865cbe4ccb67dc50a7a812bfb"},
    {file = "dearpygui-1.11.1-cp38-cp38-manylinux1_x86_64.whl", hash = "sha256:e1dde63d20ac062530debee001ad649190a7e09622762601454c4191799f13b8"},
    {file = "dearpygui-1.11.1-cp38-cp38-win_amd64.whl", hash = "sha256:23ce7ce8e5ba24d31bd6468cc43b56f8f257ace4dce3bc5fe449c546c340893a"},
    {file = "dearpygui-1.11.1-cp39-cp39-macosx_10_6_x86_64.whl", hash = "sha256:d22285f9a5f1377d87effd1f27020eec3ae0386f7c15a4893809909b82c62b1b"},
    {file = "dearpygui-1.11.1-cp39-cp39-manylinux1_x86_64.whl", hash = "sha256:f632bd94772e00313d0956bb9f9822c3ebcb7aa93f135f09e2fa187f3b06cea8"},
    {file = "dearpygui-1.11.1-cp39-cp39-win_amd64.whl", hash = "sha256:0c7c4849bc674e825750be69ee480450c3589c7d159955032776aaef5e7fda58"},
]

[[package]]
name = "gputil"
version = "1.4.0"
description = "GPUtil is a Python module for getting the GPU status from NVIDA GPUs using nvidia-smi."
optional = false
python-versions = "*"
files = [
    {file = "GPUtil-1.4.0.tar.gz", hash = "sha256:099e52c65e512cdfa8c8763fca67f5a5c2afb63469602d5dcb4d296b3661efb9"},
]

[[package]]
name = "humanize"
version = "4.10.0"
description = "Python humanize utilities"
optional = false
python-versions = ">=3.8"
files = [
    {file = "humanize-4.10.0-py3-none-any.whl", hash = "sha256:39e7ccb96923e732b5c2e27aeaa3b10a8dfeeba3eb965ba7b74a3eb0e30040a6"},
    {file = "humanize-4.10.0.tar.gz", hash = "sha256:06b6eb0293e4b85e8d385397c5868926820db32b9b654b932f57fa41c23c9978"},
]

[package.extras]
tests = ["freezegun", "pytest", "pytest-cov"]

[[package]]
name = "psutil"
version = "5.9.8"
description = "Cross-platform lib for process and system monitoring in Python."
optional = false
python-versions = ">=2.7, !=3.0.*, !=3.1.*, !=3.2.*, !=3.3.*, !=3.4.*, !=3.5.*"
files = [
    {file = "psutil-5.9.8-cp27-cp27m-macosx_10_9_x86_64.whl", hash = "sha256:26bd09967ae00920df88e0352a91cff1a78f8d69b3ecabbfe733610c0af486c8"},
    {file = "psutil-5.9.8-cp27-cp27m-manylinux2010_i686.whl", hash = "sha256:05806de88103b25903dff19bb6692bd2e714ccf9e668d050d144012055cbca73"},
    {file = "psutil-5.9.8-cp27-cp27m-manylinux2010_x86_64.whl", hash = "sha256:611052c4bc70432ec770d5d54f64206aa7203a101ec273a0cd82418c86503bb7"},
    {file = "psutil-5.9.8-cp27-cp27mu-manylinux2010_i686.whl", hash = "sha256:50187900d73c1381ba1454cf40308c2bf6f34268518b3f36a9b663ca87e65e36"},
    {file = "psutil-5.9.8-cp27-cp27mu-manylinux2010_x86_64.whl", hash = "sha256:02615ed8c5ea222323408ceba16c60e99c3f91639b07da6373fb7e6539abc56d"},
    {file = "psutil-5.9.8-cp27-none-win32.whl", hash = "sha256:36f435891adb138ed3c9e58c6af3e2e6ca9ac2f365efe1f9cfef2794e6c93b4e"},
    {file = "psutil-5.9.8-cp27-none-win_amd64.whl", hash = "sha256:bd1184ceb3f87651a67b2708d4c3338e9b10c5df903f2e3776b62303b26cb631"},
    {file = "psutil-5.9.8-cp36-abi3-macosx_10_9_x86_64.whl", hash = "sha256:aee678c8720623dc456fa20659af736241f575d79429a0e5e9cf88ae0605cc81"},
    {file = "psutil-5.9.8-cp36-abi3-manylinux_2_12_i686.manylinux2010_i686.manylinux_2_17_i686.manylinux2014_i686.whl", hash = "sha256:8cb6403ce6d8e047495a701dc7c5bd788add903f8986d523e3e20b98b733e421"},
    {file = "psutil-5.9.8-cp36-abi3-manylinux_2_12_x86_64.manylinux2010_x86_64.manylinux_2_17_x86_64.manylinux2014_x86_64.whl", hash = "sha256:d06016f7f8625a1825ba3732081d77c94589dca78b7a3fc072194851e88461a4"},
    {file = "psutil-5.9.8-cp36-cp36m-win32.whl", hash = "sha256:7d79560ad97af658a0f6adfef8b834b53f64746d45b403f225b85c5c2c140eee"},
    {file = "psutil-5.9.8-cp36-cp36m-win_amd64.whl", hash = "sha256:27cc40c3493bb10de1be4b3f07cae4c010ce715290a5be22b98493509c6299e2"},
    {file = "psutil-5.9.8-cp37-abi3-win32.whl", hash = "sha256:bc56c2a1b0d15aa3eaa5a60c9f3f8e3e565303b465dbf57a1b730e7a2b9844e0"},
    {file = "psutil-5.9.8-cp37-abi3-win_amd64.whl", hash = "sha256:8db4c1b57507eef143a15a6884ca10f7c73876cdf5d51e713151c1236a0e68cf"},
    {file = "psutil-5.9.8-cp38-abi3-macosx_11_0_arm64.whl", hash = "sha256:d16bbddf0693323b8c6123dd804100241da461e41d6e332fb0ba6058f630f8c8"},
    {file = "psutil-5.9.8.tar.gz", hash = "sha256:6be126e3225486dff286a8fb9a06246a5253f4c7c53b475ea5f5ac934e64194c"},
]

[package.extras]
test = ["enum34", "ipaddress", "mock", "pywin32", "wmi"]

[[package]]
name = "py-cpuinfo"
version = "9.0.0"
description = "Get CPU info with pure Python"
optional = false
python-versions = "*"
files = [
    {file = "py-cpuinfo-9.0.0.tar.gz", hash = "sha256:3cdbbf3fac90dc6f118bfd64384f309edeadd902d7c8fb17f02ffa1fc3f49690"},
    {file = "py_cpuinfo-9.0.0-py3-none-any.whl", hash = "sha256:859625bc251f64e21f077d099d4162689c762b5d6a4c3c97553d56241c9674d5"},
]

[[package]]
name = "pyadl"
version = "0.1"
description = "A simple Python Wrapper for the AMD/ATI ADL lib."
optional = false
python-versions = "*"
files = [
    {file = "pyadl-0.1.tar.gz", hash = "sha256:8c76c809cfdcb1c40eb2af1dfb3fbb5c265d0431fa3c1645cb65709e353f9d87"},
]

[[package]]
name = "setuptools"
version = "70.3.0"
description = "Easily download, build, install, upgrade, and uninstall Python packages"
optional = false
python-versions = ">=3.8"
files = [
    {file = "setuptools-70.3.0-py3-none-any.whl", hash = "sha256:fe384da74336c398e0d956d1cae0669bc02eed936cdb1d49b57de1990dc11ffc"},
    {file = "setuptools-70.3.0.tar.gz", hash = "sha256:f171bab1dfbc86b132997f26a119f6056a57950d058587841a0082e8830f9dc5"},
]

[package.extras]
doc = ["furo", "jaraco.packaging (>=9.3)", "jaraco.tidelift (>=1.4)", "pygments-github-lexers (==0.0.5)", "pyproject-hooks (!=1.1)", "rst.linker (>=1.9)", "sphinx (>=3.5)", "sphinx-favicon", "sphinx-inline-tabs", "sphinx-lint", "sphinx-notfound-page (>=1,<2)", "sphinx-reredirects", "sphinxcontrib-towncrier"]
test = ["build[virtualenv] (>=1.0.3)", "filelock (>=3.4.0)", "importlib-metadata", "ini2toml[lite] (>=0.14)", "jaraco.develop (>=7.21)", "jaraco.envs (>=2.2)", "jaraco.path (>=3.2.0)", "jaraco.test", "mypy (==1.10.0)", "packaging (>=23.2)", "pip (>=19.1)", "pyproject-hooks (!=1.1)", "pytest (>=6,!=8.1.*)", "pytest-checkdocs (>=2.4)", "pytest-cov", "pytest-enabler (>=2.2)", "pytest-home (>=0.5)", "pytest-mypy", "pytest-perf", "pytest-ruff (>=0.3.2)", "pytest-subprocess", "pytest-timeout", "pytest-xdist (>=3)", "tomli", "tomli-w (>=1.0.0)", "virtualenv (>=13.0.0)", "wheel"]

[metadata]
lock-version = "2.0"
python-versions = "^3.8"
content-hash = "ec15c94aa6510a46c2c529311e629fba8308920598486f789cc8fa0e33921683"
